
Microsoft Visual Studio Solution File, Format Version 12.00
# Visual Studio Version 16
VisualStudioVersion = 16.0.29424.173
MinimumVisualStudioVersion = 10.0.40219.1
Project("{9A19103F-16F7-4668-BE54-9A1E7A4F7556}") = "HeightBalancedBinaryTree", "ConsoleApp1\HeightBalancedBinaryTree.csproj", "{3E3DCEF0-A135-4174-817D-29AECDEB2356}"
EndProject
Project("{9A19103F-16F7-4668-BE54-9A1E7A4F7556}") = "ZigZagProject", "ZigZagProject\ZigZagProject.csproj", "{C95191BE-709F-4688-A142-CA572889839F}"
EndProject
Global
	GlobalSection(SolutionConfigurationPlatforms) = preSolution
		Debug|Any CPU = Debug|Any CPU
		Release|Any CPU = Release|Any CPU
	EndGlobalSection
	GlobalSection(ProjectConfigurationPlatforms) = postSolution
		{3E3DCEF0-A135-4174-817D-29AECDEB2356}.Debug|Any CPU.ActiveCfg = Debug|Any CPU
		{3E3DCEF0-A135-4174-817D-29AECDEB2356}.Debug|Any CPU.Build.0 = Debug|Any CPU
		{3E3DCEF0-A135-4174-817D-29AECDEB2356}.Release|Any CPU.ActiveCfg = Release|Any CPU
		{3E3DCEF0-A135-4174-817D-29AECDEB2356}.Release|Any CPU.Build.0 = Release|Any CPU
		{C95191BE-709F-4688-A142-CA572889839F}.Debug|Any CPU.ActiveCfg = Debug|Any CPU
		{C95191BE-709F-4688-A142-CA572889839F}.Debug|Any CPU.Build.0 = Debug|Any CPU
		{C95191BE-709F-4688-A142-CA572889839F}.Release|Any CPU.ActiveCfg = Release|Any CPU
		{C95191BE-709F-4688-A142-CA572889839F}.Release|Any CPU.Build.0 = Release|Any CPU
	EndGlobalSection
	GlobalSection(SolutionProperties) = preSolution
		HideSolutionNode = FALSE
	EndGlobalSection
	GlobalSection(ExtensibilityGlobals) = postSolution
		SolutionGuid = {A6AEFA70-454B-451A-A6EF-0E928E4C9326}
	EndGlobalSection
EndGlobal
