
Microsoft Visual Studio Solution File, Format Version 12.00
# Visual Studio Version 16
VisualStudioVersion = 16.0.29424.173
MinimumVisualStudioVersion = 10.0.40219.1
Project("{9A19103F-16F7-4668-BE54-9A1E7A4F7556}") = "ConsoleApp1", "ConsoleApp1.csproj", "{2E16F5E1-C517-433C-B0B6-0B58C4959BF6}"
EndProject
Project("{FAE04EC0-301F-11D3-BF4B-00C04F79EFBC}") = "ZigZagProject", "..\ZigZagProject\ZigZagProject.csproj", "{BE842F50-41AE-49C9-9DA2-A9635DE53F56}"
EndProject
Global
	GlobalSection(SolutionConfigurationPlatforms) = preSolution
		Debug|Any CPU = Debug|Any CPU
		Release|Any CPU = Release|Any CPU
	EndGlobalSection
	GlobalSection(ProjectConfigurationPlatforms) = postSolution
		{2E16F5E1-C517-433C-B0B6-0B58C4959BF6}.Debug|Any CPU.ActiveCfg = Debug|Any CPU
		{2E16F5E1-C517-433C-B0B6-0B58C4959BF6}.Debug|Any CPU.Build.0 = Debug|Any CPU
		{2E16F5E1-C517-433C-B0B6-0B58C4959BF6}.Release|Any CPU.ActiveCfg = Release|Any CPU
		{2E16F5E1-C517-433C-B0B6-0B58C4959BF6}.Release|Any CPU.Build.0 = Release|Any CPU
		{BE842F50-41AE-49C9-9DA2-A9635DE53F56}.Debug|Any CPU.ActiveCfg = Debug|Any CPU
		{BE842F50-41AE-49C9-9DA2-A9635DE53F56}.Debug|Any CPU.Build.0 = Debug|Any CPU
		{BE842F50-41AE-49C9-9DA2-A9635DE53F56}.Release|Any CPU.ActiveCfg = Release|Any CPU
		{BE842F50-41AE-49C9-9DA2-A9635DE53F56}.Release|Any CPU.Build.0 = Release|Any CPU
	EndGlobalSection
	GlobalSection(SolutionProperties) = preSolution
		HideSolutionNode = FALSE
	EndGlobalSection
	GlobalSection(ExtensibilityGlobals) = postSolution
		SolutionGuid = {A6AEFA70-454B-451A-A6EF-0E928E4C9326}
	EndGlobalSection
EndGlobal
